{
    "_meta": {
        "hash": {
            "sha256": "90bf034b7f86e5218b5775ddbb3491d25782924f6f3a9270e75984ee3a8ffc0f"
        },
        "pipfile-spec": 6,
        "requires": {
            "python_version": "3.7"
        },
        "sources": [
            {
                "name": "pypi",
                "url": "https://pypi.org/simple",
                "verify_ssl": true
            }
        ]
    },
    "default": {
        "codegen": {
            "hashes": [
                "sha256:d14caccc4175903d79bc5ed2890d140163281b1cdff79f3657e963369e79a6ee"
            ],
            "index": "pypi",
            "version": "==1.0"
        },
        "coverage": {
            "hashes": [
                "sha256:0dcf381f51f589f1f797449602a7fe4e63be8a7963c259c13742af3f30be902e",
                "sha256:11a4bb30306def2fa012e3429de44a93ef2ae3b6ad3f6b800f6c578658a5c402",
                "sha256:166c957a38b034050a14201f64eec11fc95e17bf2ba31fc07d887db82bae1a47",
                "sha256:184e6680f85fcc1b371f67ab732290ecf96a225448198e14ec170986db47b0aa",
                "sha256:1904deb72c561a8e445feb190db07ca4b165ee85567894b4b85fdb9bf21a27c0",
                "sha256:1f2003b83426cfaadebff8b9bb1fb3650134a15fda3a81434cc8415896d7a7bc",
                "sha256:1f462997b1804f8b5d1ee2b262626fc76b746e66023eb64f529af35991167c7c",
                "sha256:213697f49eba45b5fb05e77f63bdb7c0d13eed12dcd08e6af43224615b28b524",
                "sha256:2557da232b0daeb55afe2f7e55f7b80c56bfa2981864c6638b32b5691da9f4c3",
                "sha256:395a8525f1456439a5d6c248bc1397040491047e3e0e0c4ceb2059155419cd3b",
                "sha256:43d6334b35e50e74d034ec075ffd9082c559bca624924af6c7e9d2b8aef0f362",
                "sha256:4566c74bde36aaaef0372fb11678edf43dcc73f4eb8dbb6987250658c4a3b95a",
                "sha256:6d39cc527c9c7a30f20bed14b5cf9a7e87ef1f3528c1847d1c81caf75a31ebb6",
                "sha256:8bd69d3cba21d885df6fe8728cee779a722da08cf84072558956c148b5ab61e5",
                "sha256:a1d0fcbbe0735eb66c6622266b12e60ea8d37ada405cb8f73b154c5eec467187",
                "sha256:ab706bfbb365f232be01a536a9199ee6bfc80c9b63fb7825fdd5f4ae5cc2a12c",
                "sha256:afbf4cee68d2f2968b06951cf16c0b18513eb59bb3af0685084de6cacb04e217",
                "sha256:bbc8913cd5889df7eab597a4b4074a2c6c5ee6ca9aad58a9ba0f3f847b1a99df",
                "sha256:bd5428ab378a7432e43afa52b6bb9c5d48f5029f395a97dc9ebf87fc0f2a9d8b",
                "sha256:c3efe0185583443e04f8519818f4772d92fbbdf5f9fa23165f2f2482b20efc37",
                "sha256:d40277e918da575d008e2955a0ca6600f870bdb3570b07ee3a754ea9301862e7",
                "sha256:d4b6ec6951e20ea3f5d1fefe35b4bcbf692d4306f1b932c28dd2ee4cb167152c",
                "sha256:d5837e813ad62c856bc80f988c4e24e0d2b7b22a8a1dad8c1cfcb8ff4d4750a8",
                "sha256:d9583ae0e152c5fb0142cb55c3a11e1b13006c00d0c3e8b35ccc2d4ebfc6645e",
                "sha256:e27380cbe4088a1df514e75aa4fe6dc9e98bbd7902cf28ab16e8b2de0f8cb344",
                "sha256:e624daef32f8808296312e72190c7e576852cb75c27935b31c1bbbde14ab353c",
                "sha256:ef4278e5ac1e47c731ec5e3e48351721e01d2eb4fefa9b97fcdba7495a82cfad"
            ],
            "index": "pypi",
            "version": "==5.0a2"
        },
        "django": {
            "hashes": [
                "sha256:04f2e423f2e60943c02bd2959174b844f7d1bcd19eabb7f8e4282999958021fd",
                "sha256:e1cc1cd6b658aa4e052f5f2b148bfda08091d7c3558529708342e37e4e33f72c"
            ],
            "index": "pypi",
            "version": "==2.1.1"
        },
        "djangorestframework": {
            "hashes": [
                "sha256:b6714c3e4b0f8d524f193c91ecf5f5450092c2145439ac2769711f7eba89a9d9",
                "sha256:c375e4f95a3a64fccac412e36fb42ba36881e52313ec021ef410b40f67cddca4"
            ],
            "index": "pypi",
            "version": "==3.8.2"
        },
        "patterns": {
            "hashes": [
                "sha256:af8144d8993253661fd3d67d52d84d2f4c5ab77c873b17e7c79dd096e04a3049"
            ],
            "index": "pypi",
            "version": "==0.3"
        },
        "pytz": {
            "hashes": [
                "sha256:a061aa0a9e06881eb8b3b2b43f05b9439d6583c206d0a6c340ff72a7b6669053",
                "sha256:ffb9ef1de172603304d9d2819af6f5ece76f2e85ec10692a524dd876e72bf277"
            ],
            "index": "pypi",
            "version": "==2018.5"
        }
    },
    "develop": {}
}
